
Microsoft Visual Studio Solution File, Format Version 12.00
# Visual Studio Version 17
VisualStudioVersion = 17.5.33502.453
MinimumVisualStudioVersion = 10.0.40219.1
Project("{FAE04EC0-301F-11D3-BF4B-00C04F79EFBC}") = "Lab1_C#", "Lab1_C#\Lab1_C#.csproj", "{BE9B26B9-A7F3-46DC-AACF-BDCB1745821E}"
EndProject
Global
	GlobalSection(SolutionConfigurationPlatforms) = preSolution
		Debug|Any CPU = Debug|Any CPU
		Release|Any CPU = Release|Any CPU
	EndGlobalSection
	GlobalSection(ProjectConfigurationPlatforms) = postSolution
		{BE9B26B9-A7F3-46DC-AACF-BDCB1745821E}.Debug|Any CPU.ActiveCfg = Debug|Any CPU
		{BE9B26B9-A7F3-46DC-AACF-BDCB1745821E}.Debug|Any CPU.Build.0 = Debug|Any CPU
		{BE9B26B9-A7F3-46DC-AACF-BDCB1745821E}.Release|Any CPU.ActiveCfg = Release|Any CPU
		{BE9B26B9-A7F3-46DC-AACF-BDCB1745821E}.Release|Any CPU.Build.0 = Release|Any CPU
	EndGlobalSection
	GlobalSection(SolutionProperties) = preSolution
		HideSolutionNode = FALSE
	EndGlobalSection
	GlobalSection(ExtensibilityGlobals) = postSolution
		SolutionGuid = {C5D80248-E30A-408A-B013-4867309BE746}
	EndGlobalSection
EndGlobal
